{
  "name": "mern",
  "version": "0.1.0",
  "lockfileVersion": 1,
  "requires": true,
  "dependencies": {
    "async": {
      "version": "0.2.10",
      "resolved": "https://registry.npmjs.org/async/-/async-0.2.10.tgz",
      "integrity": "sha1-trvgsGdLnXGXCMo43owjfLUmw9E="
    },
    "lodash": {
      "version": "3.10.1",
      "resolved": "https://registry.npmjs.org/lodash/-/lodash-3.10.1.tgz",
      "integrity": "sha1-W/Rejkm6QYnhfUgnid/RW9FAt7Y="
    },
    "mongoose-relationship": {
      "version": "0.1.5",
      "resolved": "https://registry.npmjs.org/mongoose-relationship/-/mongoose-relationship-0.1.5.tgz",
      "integrity": "sha1-KpX96uQfKVqB2bMn+tHPZK8Twno=",
      "requires": {
        "async": "0.2.10",
        "lodash": "3.10.1"
      }
    }
  }
}
